
Microsoft Visual Studio Solution File, Format Version 12.00
# Visual Studio Version 17
VisualStudioVersion = 17.7.33906.173
MinimumVisualStudioVersion = 10.0.40219.1
Project("{FAE04EC0-301F-11D3-BF4B-00C04F79EFBC}") = "Clock", "Clock\Clock.csproj", "{45C28F34-8D8A-434A-BA69-6F52C684BBB0}"
EndProject
Global
	GlobalSection(SolutionConfigurationPlatforms) = preSolution
		Debug|Any CPU = Debug|Any CPU
		Release|Any CPU = Release|Any CPU
	EndGlobalSection
	GlobalSection(ProjectConfigurationPlatforms) = postSolution
		{45C28F34-8D8A-434A-BA69-6F52C684BBB0}.Debug|Any CPU.ActiveCfg = Debug|Any CPU
		{45C28F34-8D8A-434A-BA69-6F52C684BBB0}.Debug|Any CPU.Build.0 = Debug|Any CPU
		{45C28F34-8D8A-434A-BA69-6F52C684BBB0}.Release|Any CPU.ActiveCfg = Release|Any CPU
		{45C28F34-8D8A-434A-BA69-6F52C684BBB0}.Release|Any CPU.Build.0 = Release|Any CPU
	EndGlobalSection
	GlobalSection(SolutionProperties) = preSolution
		HideSolutionNode = FALSE
	EndGlobalSection
	GlobalSection(ExtensibilityGlobals) = postSolution
		SolutionGuid = {2D52CA47-CF7F-4E90-9AAE-F2E2C9E3FBAA}
	EndGlobalSection
EndGlobal
